
Microsoft Visual Studio Solution File, Format Version 12.00
# Visual Studio 14
VisualStudioVersion = 14.0.24720.0
MinimumVisualStudioVersion = 10.0.40219.1
Project("{FAE04EC0-301F-11D3-BF4B-00C04F79EFBC}") = "Task_1", "Task_1\Task_1.csproj", "{2D962D89-192C-43FB-890E-D22A757C92A5}"
EndProject
Project("{FAE04EC0-301F-11D3-BF4B-00C04F79EFBC}") = "Task_1.Test", "Task_1.Test\Task_1.Test.csproj", "{0E21F713-7DAC-4D88-8769-82C5226367BF}"
EndProject
Global
	GlobalSection(SolutionConfigurationPlatforms) = preSolution
		Debug|Any CPU = Debug|Any CPU
		Release|Any CPU = Release|Any CPU
	EndGlobalSection
	GlobalSection(ProjectConfigurationPlatforms) = postSolution
		{2D962D89-192C-43FB-890E-D22A757C92A5}.Debug|Any CPU.ActiveCfg = Debug|Any CPU
		{2D962D89-192C-43FB-890E-D22A757C92A5}.Debug|Any CPU.Build.0 = Debug|Any CPU
		{2D962D89-192C-43FB-890E-D22A757C92A5}.Release|Any CPU.ActiveCfg = Release|Any CPU
		{2D962D89-192C-43FB-890E-D22A757C92A5}.Release|Any CPU.Build.0 = Release|Any CPU
		{0E21F713-7DAC-4D88-8769-82C5226367BF}.Debug|Any CPU.ActiveCfg = Debug|Any CPU
		{0E21F713-7DAC-4D88-8769-82C5226367BF}.Debug|Any CPU.Build.0 = Debug|Any CPU
		{0E21F713-7DAC-4D88-8769-82C5226367BF}.Release|Any CPU.ActiveCfg = Release|Any CPU
		{0E21F713-7DAC-4D88-8769-82C5226367BF}.Release|Any CPU.Build.0 = Release|Any CPU
	EndGlobalSection
	GlobalSection(SolutionProperties) = preSolution
		HideSolutionNode = FALSE
	EndGlobalSection
EndGlobal
