
Microsoft Visual Studio Solution File, Format Version 12.00
# Visual Studio 14
VisualStudioVersion = 14.0.24720.0
MinimumVisualStudioVersion = 10.0.40219.1
Project("{FAE04EC0-301F-11D3-BF4B-00C04F79EFBC}") = "Task_2", "Task_2\Task_2.csproj", "{5F47981B-6610-4B17-AC30-4154F13CA01E}"
EndProject
Project("{FAE04EC0-301F-11D3-BF4B-00C04F79EFBC}") = "Task_2.Test", "Task_2.Test\Task_2.Test.csproj", "{067EBCA0-AC7E-435D-B0C2-61D11F59609C}"
EndProject
Global
	GlobalSection(SolutionConfigurationPlatforms) = preSolution
		Debug|Any CPU = Debug|Any CPU
		Release|Any CPU = Release|Any CPU
	EndGlobalSection
	GlobalSection(ProjectConfigurationPlatforms) = postSolution
		{5F47981B-6610-4B17-AC30-4154F13CA01E}.Debug|Any CPU.ActiveCfg = Debug|Any CPU
		{5F47981B-6610-4B17-AC30-4154F13CA01E}.Debug|Any CPU.Build.0 = Debug|Any CPU
		{5F47981B-6610-4B17-AC30-4154F13CA01E}.Release|Any CPU.ActiveCfg = Release|Any CPU
		{5F47981B-6610-4B17-AC30-4154F13CA01E}.Release|Any CPU.Build.0 = Release|Any CPU
		{067EBCA0-AC7E-435D-B0C2-61D11F59609C}.Debug|Any CPU.ActiveCfg = Debug|Any CPU
		{067EBCA0-AC7E-435D-B0C2-61D11F59609C}.Debug|Any CPU.Build.0 = Debug|Any CPU
		{067EBCA0-AC7E-435D-B0C2-61D11F59609C}.Release|Any CPU.ActiveCfg = Release|Any CPU
		{067EBCA0-AC7E-435D-B0C2-61D11F59609C}.Release|Any CPU.Build.0 = Release|Any CPU
	EndGlobalSection
	GlobalSection(SolutionProperties) = preSolution
		HideSolutionNode = FALSE
	EndGlobalSection
EndGlobal
